
Microsoft Visual Studio Solution File, Format Version 12.00
Project("{2150E333-8FDC-42A3-9474-1A3956D46DE8}") = "src", "src", "{35911AAA-9BAC-4B06-9F52-1CB9D09EA1D8}"
EndProject
Project("{2150E333-8FDC-42A3-9474-1A3956D46DE8}") = "test", "test", "{82B27021-2B19-419F-B869-2C060C199CF6}"
EndProject
Project("{FAE04EC0-301F-11D3-BF4B-00C04F79EFBC}") = "RockHopper", "src\RockHopper\RockHopper.csproj", "{8D05849B-F471-4673-BFB0-EBE4A1E4A007}"
EndProject
Project("{FAE04EC0-301F-11D3-BF4B-00C04F79EFBC}") = "RockHopper.Test", "test\RockHopper.Test\RockHopper.Test.csproj", "{FC5E3A4D-7403-4865-AE04-4BDD48F03DBF}"
EndProject
Project("{FAE04EC0-301F-11D3-BF4B-00C04F79EFBC}") = "RockHopper.Assertions", "src\RockHopper.Assertions\RockHopper.Assertions.csproj", "{244E8310-9C8E-4F42-BC63-A4B93A602293}"
EndProject
Project("{FAE04EC0-301F-11D3-BF4B-00C04F79EFBC}") = "RockHopper.Assertions.Test", "test\RockHopper.Assertions.Test\RockHopper.Assertions.Test.csproj", "{470D0CC8-BFD6-4044-9EAE-FCE87817637F}"
EndProject
Project("{FAE04EC0-301F-11D3-BF4B-00C04F79EFBC}") = "RockHopper.XUnit.Test", "test\RockHopper.XUnit.Test\RockHopper.XUnit.Test.csproj", "{31A17406-3A46-480B-801C-C147F73C4134}"
EndProject
Project("{FAE04EC0-301F-11D3-BF4B-00C04F79EFBC}") = "RockHopper.NUnit.Test", "test\RockHopper.NUnit.Test\RockHopper.NUnit.Test.csproj", "{272C0837-A460-4DBF-B114-C072F0FE1714}"
EndProject
Global
	GlobalSection(SolutionConfigurationPlatforms) = preSolution
		Debug|Any CPU = Debug|Any CPU
		Release|Any CPU = Release|Any CPU
	EndGlobalSection
	GlobalSection(NestedProjects) = preSolution
		{8D05849B-F471-4673-BFB0-EBE4A1E4A007} = {35911AAA-9BAC-4B06-9F52-1CB9D09EA1D8}
		{FC5E3A4D-7403-4865-AE04-4BDD48F03DBF} = {82B27021-2B19-419F-B869-2C060C199CF6}
		{244E8310-9C8E-4F42-BC63-A4B93A602293} = {35911AAA-9BAC-4B06-9F52-1CB9D09EA1D8}
		{470D0CC8-BFD6-4044-9EAE-FCE87817637F} = {82B27021-2B19-419F-B869-2C060C199CF6}
		{31A17406-3A46-480B-801C-C147F73C4134} = {82B27021-2B19-419F-B869-2C060C199CF6}
		{272C0837-A460-4DBF-B114-C072F0FE1714} = {82B27021-2B19-419F-B869-2C060C199CF6}
	EndGlobalSection
	GlobalSection(ProjectConfigurationPlatforms) = postSolution
		{8D05849B-F471-4673-BFB0-EBE4A1E4A007}.Debug|Any CPU.ActiveCfg = Debug|Any CPU
		{8D05849B-F471-4673-BFB0-EBE4A1E4A007}.Debug|Any CPU.Build.0 = Debug|Any CPU
		{8D05849B-F471-4673-BFB0-EBE4A1E4A007}.Release|Any CPU.ActiveCfg = Release|Any CPU
		{8D05849B-F471-4673-BFB0-EBE4A1E4A007}.Release|Any CPU.Build.0 = Release|Any CPU
		{FC5E3A4D-7403-4865-AE04-4BDD48F03DBF}.Debug|Any CPU.ActiveCfg = Debug|Any CPU
		{FC5E3A4D-7403-4865-AE04-4BDD48F03DBF}.Debug|Any CPU.Build.0 = Debug|Any CPU
		{FC5E3A4D-7403-4865-AE04-4BDD48F03DBF}.Release|Any CPU.ActiveCfg = Release|Any CPU
		{FC5E3A4D-7403-4865-AE04-4BDD48F03DBF}.Release|Any CPU.Build.0 = Release|Any CPU
		{244E8310-9C8E-4F42-BC63-A4B93A602293}.Debug|Any CPU.ActiveCfg = Debug|Any CPU
		{244E8310-9C8E-4F42-BC63-A4B93A602293}.Debug|Any CPU.Build.0 = Debug|Any CPU
		{244E8310-9C8E-4F42-BC63-A4B93A602293}.Release|Any CPU.ActiveCfg = Release|Any CPU
		{244E8310-9C8E-4F42-BC63-A4B93A602293}.Release|Any CPU.Build.0 = Release|Any CPU
		{470D0CC8-BFD6-4044-9EAE-FCE87817637F}.Debug|Any CPU.ActiveCfg = Debug|Any CPU
		{470D0CC8-BFD6-4044-9EAE-FCE87817637F}.Debug|Any CPU.Build.0 = Debug|Any CPU
		{470D0CC8-BFD6-4044-9EAE-FCE87817637F}.Release|Any CPU.ActiveCfg = Release|Any CPU
		{470D0CC8-BFD6-4044-9EAE-FCE87817637F}.Release|Any CPU.Build.0 = Release|Any CPU
		{31A17406-3A46-480B-801C-C147F73C4134}.Debug|Any CPU.ActiveCfg = Debug|Any CPU
		{31A17406-3A46-480B-801C-C147F73C4134}.Debug|Any CPU.Build.0 = Debug|Any CPU
		{31A17406-3A46-480B-801C-C147F73C4134}.Release|Any CPU.ActiveCfg = Release|Any CPU
		{31A17406-3A46-480B-801C-C147F73C4134}.Release|Any CPU.Build.0 = Release|Any CPU
		{272C0837-A460-4DBF-B114-C072F0FE1714}.Debug|Any CPU.ActiveCfg = Debug|Any CPU
		{272C0837-A460-4DBF-B114-C072F0FE1714}.Debug|Any CPU.Build.0 = Debug|Any CPU
		{272C0837-A460-4DBF-B114-C072F0FE1714}.Release|Any CPU.ActiveCfg = Release|Any CPU
		{272C0837-A460-4DBF-B114-C072F0FE1714}.Release|Any CPU.Build.0 = Release|Any CPU
	EndGlobalSection
EndGlobal
